
Microsoft Visual Studio Solution File, Format Version 12.00
# Visual Studio 15
VisualStudioVersion = 15.0.28307.421
MinimumVisualStudioVersion = 10.0.40219.1
Project("{FAE04EC0-301F-11D3-BF4B-00C04F79EFBC}") = "Holiday_Home", "Holiday_Home\Holiday_Home.csproj", "{05B02184-1260-40B1-964A-B56BC33CDA15}"
EndProject
Global
	GlobalSection(SolutionConfigurationPlatforms) = preSolution
		Debug|Any CPU = Debug|Any CPU
		Release|Any CPU = Release|Any CPU
	EndGlobalSection
	GlobalSection(ProjectConfigurationPlatforms) = postSolution
		{05B02184-1260-40B1-964A-B56BC33CDA15}.Debug|Any CPU.ActiveCfg = Debug|Any CPU
		{05B02184-1260-40B1-964A-B56BC33CDA15}.Debug|Any CPU.Build.0 = Debug|Any CPU
		{05B02184-1260-40B1-964A-B56BC33CDA15}.Release|Any CPU.ActiveCfg = Release|Any CPU
		{05B02184-1260-40B1-964A-B56BC33CDA15}.Release|Any CPU.Build.0 = Release|Any CPU
	EndGlobalSection
	GlobalSection(SolutionProperties) = preSolution
		HideSolutionNode = FALSE
	EndGlobalSection
	GlobalSection(ExtensibilityGlobals) = postSolution
		SolutionGuid = {57644162-FFCE-499B-9765-3EA677FD1EA6}
	EndGlobalSection
EndGlobal
